
Microsoft Visual Studio Solution File, Format Version 12.00
# Visual Studio Version 16
VisualStudioVersion = 16.0.30804.86
MinimumVisualStudioVersion = 10.0.40219.1
Project("{9A19103F-16F7-4668-BE54-9A1E7A4F7556}") = "KampOdev2", "KampOdev2\KampOdev2.csproj", "{05166D8A-65F2-4856-99A1-F9C63F400CCD}"
EndProject
Project("{9A19103F-16F7-4668-BE54-9A1E7A4F7556}") = "Metotlar", "Metotlar\Metotlar.csproj", "{95AA728F-EC54-416D-8E8A-CEF0D8A7022C}"
EndProject
Project("{9A19103F-16F7-4668-BE54-9A1E7A4F7556}") = "Matematik", "Matematik\Matematik.csproj", "{098CFE5F-966A-4597-AD10-CEFA5C9A77EF}"
EndProject
Project("{9A19103F-16F7-4668-BE54-9A1E7A4F7556}") = "DegerVeReferansTipler", "DegerVeReferansTipler\DegerVeReferansTipler.csproj", "{C794ADA9-68C9-4A95-B76F-85082D18E83A}"
EndProject
Project("{9A19103F-16F7-4668-BE54-9A1E7A4F7556}") = "ClassMetotDemo", "ClassMetotDemo\ClassMetotDemo.csproj", "{2076355B-C3A9-4C5F-A92F-66D3D3CCDE15}"
EndProject
Project("{9A19103F-16F7-4668-BE54-9A1E7A4F7556}") = "OOP1", "OOP1\OOP1.csproj", "{7B449C81-CC91-4A27-AD67-63FCE7FEB3F1}"
EndProject
Project("{9A19103F-16F7-4668-BE54-9A1E7A4F7556}") = "Collections", "Collections\Collections.csproj", "{DD2A7C9A-DAB7-47FC-B161-D481320C4B1B}"
EndProject
Project("{9A19103F-16F7-4668-BE54-9A1E7A4F7556}") = "GenericsIntro", "GenericsIntro\GenericsIntro.csproj", "{4F460061-540E-4209-A27F-9A9966214360}"
EndProject
Project("{9A19103F-16F7-4668-BE54-9A1E7A4F7556}") = "ReferenceTypes", "ReferenceTypes\ReferenceTypes.csproj", "{745836DA-67BB-4D98-A9E6-EE23061F08F3}"
EndProject
Project("{9A19103F-16F7-4668-BE54-9A1E7A4F7556}") = "Constructors", "Constructors\Constructors.csproj", "{F1457834-FD64-431E-B33D-D70C364DB373}"
EndProject
Project("{9A19103F-16F7-4668-BE54-9A1E7A4F7556}") = "Generics", "Generics\Generics.csproj", "{EFCC55CE-C4F4-469D-85B8-A77044959640}"
EndProject
Project("{9A19103F-16F7-4668-BE54-9A1E7A4F7556}") = "GenericsDictionary", "GenericsDictionary\GenericsDictionary.csproj", "{155D9BD5-6292-4987-8158-96563F249F52}"
EndProject
Project("{9A19103F-16F7-4668-BE54-9A1E7A4F7556}") = "OOP2", "OOP2\OOP2.csproj", "{FFE5383B-6B57-4300-8ACD-4150EF50B487}"
EndProject
Project("{FAE04EC0-301F-11D3-BF4B-00C04F79EFBC}") = "OOP3", "OOP3\OOP3.csproj", "{E3B3A41B-E991-4CBD-A886-1E74C7D2F330}"
EndProject
Global
	GlobalSection(SolutionConfigurationPlatforms) = preSolution
		Debug|Any CPU = Debug|Any CPU
		Release|Any CPU = Release|Any CPU
	EndGlobalSection
	GlobalSection(ProjectConfigurationPlatforms) = postSolution
		{05166D8A-65F2-4856-99A1-F9C63F400CCD}.Debug|Any CPU.ActiveCfg = Debug|Any CPU
		{05166D8A-65F2-4856-99A1-F9C63F400CCD}.Debug|Any CPU.Build.0 = Debug|Any CPU
		{05166D8A-65F2-4856-99A1-F9C63F400CCD}.Release|Any CPU.ActiveCfg = Release|Any CPU
		{05166D8A-65F2-4856-99A1-F9C63F400CCD}.Release|Any CPU.Build.0 = Release|Any CPU
		{95AA728F-EC54-416D-8E8A-CEF0D8A7022C}.Debug|Any CPU.ActiveCfg = Debug|Any CPU
		{95AA728F-EC54-416D-8E8A-CEF0D8A7022C}.Debug|Any CPU.Build.0 = Debug|Any CPU
		{95AA728F-EC54-416D-8E8A-CEF0D8A7022C}.Release|Any CPU.ActiveCfg = Release|Any CPU
		{95AA728F-EC54-416D-8E8A-CEF0D8A7022C}.Release|Any CPU.Build.0 = Release|Any CPU
		{098CFE5F-966A-4597-AD10-CEFA5C9A77EF}.Debug|Any CPU.ActiveCfg = Debug|Any CPU
		{098CFE5F-966A-4597-AD10-CEFA5C9A77EF}.Debug|Any CPU.Build.0 = Debug|Any CPU
		{098CFE5F-966A-4597-AD10-CEFA5C9A77EF}.Release|Any CPU.ActiveCfg = Release|Any CPU
		{098CFE5F-966A-4597-AD10-CEFA5C9A77EF}.Release|Any CPU.Build.0 = Release|Any CPU
		{C794ADA9-68C9-4A95-B76F-85082D18E83A}.Debug|Any CPU.ActiveCfg = Debug|Any CPU
		{C794ADA9-68C9-4A95-B76F-85082D18E83A}.Debug|Any CPU.Build.0 = Debug|Any CPU
		{C794ADA9-68C9-4A95-B76F-85082D18E83A}.Release|Any CPU.ActiveCfg = Release|Any CPU
		{C794ADA9-68C9-4A95-B76F-85082D18E83A}.Release|Any CPU.Build.0 = Release|Any CPU
		{2076355B-C3A9-4C5F-A92F-66D3D3CCDE15}.Debug|Any CPU.ActiveCfg = Debug|Any CPU
		{2076355B-C3A9-4C5F-A92F-66D3D3CCDE15}.Debug|Any CPU.Build.0 = Debug|Any CPU
		{2076355B-C3A9-4C5F-A92F-66D3D3CCDE15}.Release|Any CPU.ActiveCfg = Release|Any CPU
		{2076355B-C3A9-4C5F-A92F-66D3D3CCDE15}.Release|Any CPU.Build.0 = Release|Any CPU
		{7B449C81-CC91-4A27-AD67-63FCE7FEB3F1}.Debug|Any CPU.ActiveCfg = Debug|Any CPU
		{7B449C81-CC91-4A27-AD67-63FCE7FEB3F1}.Debug|Any CPU.Build.0 = Debug|Any CPU
		{7B449C81-CC91-4A27-AD67-63FCE7FEB3F1}.Release|Any CPU.ActiveCfg = Release|Any CPU
		{7B449C81-CC91-4A27-AD67-63FCE7FEB3F1}.Release|Any CPU.Build.0 = Release|Any CPU
		{DD2A7C9A-DAB7-47FC-B161-D481320C4B1B}.Debug|Any CPU.ActiveCfg = Debug|Any CPU
		{DD2A7C9A-DAB7-47FC-B161-D481320C4B1B}.Debug|Any CPU.Build.0 = Debug|Any CPU
		{DD2A7C9A-DAB7-47FC-B161-D481320C4B1B}.Release|Any CPU.ActiveCfg = Release|Any CPU
		{DD2A7C9A-DAB7-47FC-B161-D481320C4B1B}.Release|Any CPU.Build.0 = Release|Any CPU
		{4F460061-540E-4209-A27F-9A9966214360}.Debug|Any CPU.ActiveCfg = Debug|Any CPU
		{4F460061-540E-4209-A27F-9A9966214360}.Debug|Any CPU.Build.0 = Debug|Any CPU
		{4F460061-540E-4209-A27F-9A9966214360}.Release|Any CPU.ActiveCfg = Release|Any CPU
		{4F460061-540E-4209-A27F-9A9966214360}.Release|Any CPU.Build.0 = Release|Any CPU
		{745836DA-67BB-4D98-A9E6-EE23061F08F3}.Debug|Any CPU.ActiveCfg = Debug|Any CPU
		{745836DA-67BB-4D98-A9E6-EE23061F08F3}.Debug|Any CPU.Build.0 = Debug|Any CPU
		{745836DA-67BB-4D98-A9E6-EE23061F08F3}.Release|Any CPU.ActiveCfg = Release|Any CPU
		{745836DA-67BB-4D98-A9E6-EE23061F08F3}.Release|Any CPU.Build.0 = Release|Any CPU
		{F1457834-FD64-431E-B33D-D70C364DB373}.Debug|Any CPU.ActiveCfg = Debug|Any CPU
		{F1457834-FD64-431E-B33D-D70C364DB373}.Debug|Any CPU.Build.0 = Debug|Any CPU
		{F1457834-FD64-431E-B33D-D70C364DB373}.Release|Any CPU.ActiveCfg = Release|Any CPU
		{F1457834-FD64-431E-B33D-D70C364DB373}.Release|Any CPU.Build.0 = Release|Any CPU
		{EFCC55CE-C4F4-469D-85B8-A77044959640}.Debug|Any CPU.ActiveCfg = Debug|Any CPU
		{EFCC55CE-C4F4-469D-85B8-A77044959640}.Debug|Any CPU.Build.0 = Debug|Any CPU
		{EFCC55CE-C4F4-469D-85B8-A77044959640}.Release|Any CPU.ActiveCfg = Release|Any CPU
		{EFCC55CE-C4F4-469D-85B8-A77044959640}.Release|Any CPU.Build.0 = Release|Any CPU
		{155D9BD5-6292-4987-8158-96563F249F52}.Debug|Any CPU.ActiveCfg = Debug|Any CPU
		{155D9BD5-6292-4987-8158-96563F249F52}.Debug|Any CPU.Build.0 = Debug|Any CPU
		{155D9BD5-6292-4987-8158-96563F249F52}.Release|Any CPU.ActiveCfg = Release|Any CPU
		{155D9BD5-6292-4987-8158-96563F249F52}.Release|Any CPU.Build.0 = Release|Any CPU
		{FFE5383B-6B57-4300-8ACD-4150EF50B487}.Debug|Any CPU.ActiveCfg = Debug|Any CPU
		{FFE5383B-6B57-4300-8ACD-4150EF50B487}.Debug|Any CPU.Build.0 = Debug|Any CPU
		{FFE5383B-6B57-4300-8ACD-4150EF50B487}.Release|Any CPU.ActiveCfg = Release|Any CPU
		{FFE5383B-6B57-4300-8ACD-4150EF50B487}.Release|Any CPU.Build.0 = Release|Any CPU
		{E3B3A41B-E991-4CBD-A886-1E74C7D2F330}.Debug|Any CPU.ActiveCfg = Debug|Any CPU
		{E3B3A41B-E991-4CBD-A886-1E74C7D2F330}.Debug|Any CPU.Build.0 = Debug|Any CPU
		{E3B3A41B-E991-4CBD-A886-1E74C7D2F330}.Release|Any CPU.ActiveCfg = Release|Any CPU
		{E3B3A41B-E991-4CBD-A886-1E74C7D2F330}.Release|Any CPU.Build.0 = Release|Any CPU
	EndGlobalSection
	GlobalSection(SolutionProperties) = preSolution
		HideSolutionNode = FALSE
	EndGlobalSection
	GlobalSection(ExtensibilityGlobals) = postSolution
		SolutionGuid = {BA72E35B-DE42-482A-99E0-71BFA08258DA}
	EndGlobalSection
EndGlobal
